
Microsoft Visual Studio Solution File, Format Version 12.00
# Visual Studio Version 17
VisualStudioVersion = 17.9.34723.18
MinimumVisualStudioVersion = 10.0.40219.1
Project("{FAE04EC0-301F-11D3-BF4B-00C04F79EFBC}") = "laboratorioProyecto", "Lucas Romo\laboratorioProyecto.csproj", "{154EE405-2265-49BA-90FD-7CC3C9218A1C}"
EndProject
Global
	GlobalSection(SolutionConfigurationPlatforms) = preSolution
		Debug|Any CPU = Debug|Any CPU
		Release|Any CPU = Release|Any CPU
	EndGlobalSection
	GlobalSection(ProjectConfigurationPlatforms) = postSolution
		{154EE405-2265-49BA-90FD-7CC3C9218A1C}.Debug|Any CPU.ActiveCfg = Debug|Any CPU
		{154EE405-2265-49BA-90FD-7CC3C9218A1C}.Debug|Any CPU.Build.0 = Debug|Any CPU
		{154EE405-2265-49BA-90FD-7CC3C9218A1C}.Release|Any CPU.ActiveCfg = Release|Any CPU
		{154EE405-2265-49BA-90FD-7CC3C9218A1C}.Release|Any CPU.Build.0 = Release|Any CPU
	EndGlobalSection
	GlobalSection(SolutionProperties) = preSolution
		HideSolutionNode = FALSE
	EndGlobalSection
	GlobalSection(ExtensibilityGlobals) = postSolution
		SolutionGuid = {D90C4741-17BD-4A51-80AD-68ED21760631}
	EndGlobalSection
EndGlobal
